{
  "https://hartman-vreit-xxi.s3.us-east-2.amazonaws.com/images/properties/ashford-on-the-bayou/1001+S+Dairy+Ashford+Rd/1001+S+Dairy+Ashford+Rd+-+Video.mp4": { "integrity": "sha512-dhbUtd9maqtAEOHVkHWBI43Kn9qDX4aPh+srNeDegCpEjg1np7cMUVD7TPmRl83GWteFzOT8U1TJdSUUiR4Weg==", "contentType": "video/mp4" },
  "version": 1
}
